
Microsoft Visual Studio Solution File, Format Version 12.00
# Visual Studio Version 17
VisualStudioVersion = 17.3.32929.385
MinimumVisualStudioVersion = 10.0.40219.1
Project("{9A19103F-16F7-4668-BE54-9A1E7A4F7556}") = "Reports_Creator", "Reports_Creator.csproj", "{4557B30F-6B7D-4D2D-B4E7-4269106D59D2}"
EndProject
Project("{2150E333-8FDC-42A3-9474-1A3956D46DE8}") = "Solution Items", "Solution Items", "{206FB3A1-85B9-4263-96D8-A4C9CAD4B873}"
	ProjectSection(SolutionItems) = preProject
		..\..\..\Desktop\report-icon-13315-Windows.ico = ..\..\..\Desktop\report-icon-13315-Windows.ico
	EndProjectSection
EndProject
Global
	GlobalSection(SolutionConfigurationPlatforms) = preSolution
		Debug|Any CPU = Debug|Any CPU
		Release|Any CPU = Release|Any CPU
	EndGlobalSection
	GlobalSection(ProjectConfigurationPlatforms) = postSolution
		{4557B30F-6B7D-4D2D-B4E7-4269106D59D2}.Debug|Any CPU.ActiveCfg = Debug|Any CPU
		{4557B30F-6B7D-4D2D-B4E7-4269106D59D2}.Debug|Any CPU.Build.0 = Debug|Any CPU
		{4557B30F-6B7D-4D2D-B4E7-4269106D59D2}.Release|Any CPU.ActiveCfg = Release|Any CPU
		{4557B30F-6B7D-4D2D-B4E7-4269106D59D2}.Release|Any CPU.Build.0 = Release|Any CPU
	EndGlobalSection
	GlobalSection(SolutionProperties) = preSolution
		HideSolutionNode = FALSE
	EndGlobalSection
	GlobalSection(ExtensibilityGlobals) = postSolution
		SolutionGuid = {2050E950-ADA7-49DE-9C91-1266FC9F27C7}
	EndGlobalSection
EndGlobal
